
Microsoft Visual Studio Solution File, Format Version 12.00
# Visual Studio Version 16
VisualStudioVersion = 16.0.30503.244
MinimumVisualStudioVersion = 10.0.40219.1
Project("{8BC9CEB8-8B4A-11D0-8D11-00A0C91BC942}") = "aot", "aot.vcxproj", "{B001A232-1B32-4117-A092-876A32A8726A}"
EndProject
Global
	GlobalSection(SolutionConfigurationPlatforms) = preSolution
		Debug|x64 = Debug|x64
		Debug|x86 = Debug|x86
		Release|x64 = Release|x64
		Release|x86 = Release|x86
	EndGlobalSection
	GlobalSection(ProjectConfigurationPlatforms) = postSolution
		{B001A232-1B32-4117-A092-876A32A8726A}.Debug|x64.ActiveCfg = Debug|x64
		{B001A232-1B32-4117-A092-876A32A8726A}.Debug|x64.Build.0 = Debug|x64
		{B001A232-1B32-4117-A092-876A32A8726A}.Debug|x86.ActiveCfg = Debug|Win32
		{B001A232-1B32-4117-A092-876A32A8726A}.Debug|x86.Build.0 = Debug|Win32
		{B001A232-1B32-4117-A092-876A32A8726A}.Release|x64.ActiveCfg = Release|x64
		{B001A232-1B32-4117-A092-876A32A8726A}.Release|x64.Build.0 = Release|x64
		{B001A232-1B32-4117-A092-876A32A8726A}.Release|x86.ActiveCfg = Release|Win32
		{B001A232-1B32-4117-A092-876A32A8726A}.Release|x86.Build.0 = Release|Win32
	EndGlobalSection
	GlobalSection(SolutionProperties) = preSolution
		HideSolutionNode = FALSE
	EndGlobalSection
	GlobalSection(ExtensibilityGlobals) = postSolution
		SolutionGuid = {7918E368-857F-4329-AD97-F0DA533FDE19}
	EndGlobalSection
EndGlobal
