<?xml version="1.0" encoding="utf-8"?>
<Project ToolsVersion="4.0" xmlns="http://schemas.microsoft.com/developer/msbuild/2003">
  <ItemGroup>
    <Filter Include="util">
      <UniqueIdentifier>{67DA6AB6-F800-4c08-8B7A-83BB121AAD01}</UniqueIdentifier>
      <Extensions>rc;ico;cur;bmp;dlg;rc2;rct;bin;rgs;gif;jpg;jpeg;jpe;resx;tiff;tif;png;wav;mfcribbon-ms</Extensions>
    </Filter>
    <Filter Include="app">
      <UniqueIdentifier>{93995380-89BD-4b04-88EB-625FBE52EBFB}</UniqueIdentifier>
      <Extensions>h;hpp;hxx;hm;inl;inc;xsd</Extensions>
    </Filter>
  </ItemGroup>
  <ItemGroup>
    <ClCompile Include="..\util\AoProcess.cpp">
      <Filter>util</Filter>
    </ClCompile>
    <ClCompile Include="main.cpp">
      <Filter>app</Filter>
    </ClCompile>
    <ClCompile Include="AodsActiveModule.cpp">
      <Filter>app</Filter>
    </ClCompile>
    <ClCompile Include="..\util\AoCfgModule.cpp">
      <Filter>util</Filter>
    </ClCompile>
    <ClCompile Include="..\util\AoChannel.cpp">
      <Filter>util</Filter>
    </ClCompile>
    <ClCompile Include="..\util\AoCommuProtocol.cpp">
      <Filter>util</Filter>
    </ClCompile>
    <ClCompile Include="..\util\AoEncrypt.cpp">
      <Filter>util</Filter>
    </ClCompile>
    <ClCompile Include="..\util\AoEvent.cpp">
      <Filter>util</Filter>
    </ClCompile>
    <ClCompile Include="..\util\AoFile.cpp">
      <Filter>util</Filter>
    </ClCompile>
    <ClCompile Include="..\util\AoFileControl.cpp">
      <Filter>util</Filter>
    </ClCompile>
    <ClCompile Include="..\util\AoFindFile.cpp">
      <Filter>util</Filter>
    </ClCompile>
    <ClCompile Include="..\util\AoHash.cpp">
      <Filter>util</Filter>
    </ClCompile>
    <ClCompile Include="..\util\AoHelper.cpp">
      <Filter>util</Filter>
    </ClCompile>
    <ClCompile Include="..\util\AoIoSelectGroup.cpp">
      <Filter>util</Filter>
    </ClCompile>
    <ClCompile Include="..\util\AoList.cpp">
      <Filter>util</Filter>
    </ClCompile>
    <ClCompile Include="..\util\AoLock.cpp">
      <Filter>util</Filter>
    </ClCompile>
    <ClCompile Include="..\util\AoLogModule.cpp">
      <Filter>util</Filter>
    </ClCompile>
    <ClCompile Include="..\util\AoMemCache.cpp">
      <Filter>util</Filter>
    </ClCompile>
    <ClCompile Include="..\util\AoMemoryMgr.cpp">
      <Filter>util</Filter>
    </ClCompile>
    <ClCompile Include="..\util\AoMemStream.cpp">
      <Filter>util</Filter>
    </ClCompile>
    <ClCompile Include="..\util\AoOs.cpp">
      <Filter>util</Filter>
    </ClCompile>
    <ClCompile Include="..\util\AoService.cpp">
      <Filter>util</Filter>
    </ClCompile>
    <ClCompile Include="..\util\AoSock.cpp">
      <Filter>util</Filter>
    </ClCompile>
    <ClCompile Include="..\util\AoSockChannel.cpp">
      <Filter>util</Filter>
    </ClCompile>
    <ClCompile Include="..\util\AoSockTcp.cpp">
      <Filter>util</Filter>
    </ClCompile>
    <ClCompile Include="..\util\AoSockTcpChannel.cpp">
      <Filter>util</Filter>
    </ClCompile>
    <ClCompile Include="..\util\AoStream.cpp">
      <Filter>util</Filter>
    </ClCompile>
    <ClCompile Include="..\util\AoTcpServer.cpp">
      <Filter>util</Filter>
    </ClCompile>
    <ClCompile Include="..\util\AoThread.cpp">
      <Filter>util</Filter>
    </ClCompile>
    <ClCompile Include="..\util\AoTime.cpp">
      <Filter>util</Filter>
    </ClCompile>
    <ClCompile Include="..\util\CJson.cpp">
      <Filter>util</Filter>
    </ClCompile>
    <ClCompile Include="..\util\CommuModule.cpp">
      <Filter>util</Filter>
    </ClCompile>
    <ClCompile Include="..\util\DBACommuProtocol.cpp">
      <Filter>util</Filter>
    </ClCompile>
    <ClCompile Include="..\util\Module.cpp">
      <Filter>util</Filter>
    </ClCompile>
    <ClCompile Include="..\util\ModuleData.cpp">
      <Filter>util</Filter>
    </ClCompile>
    <ClCompile Include="..\util\ModuleDispatcher.cpp">
      <Filter>util</Filter>
    </ClCompile>
    <ClCompile Include="..\util\MsgTarget.cpp">
      <Filter>util</Filter>
    </ClCompile>
  </ItemGroup>
  <ItemGroup>
    <ClInclude Include="..\util\AoProcess.h">
      <Filter>util</Filter>
    </ClInclude>
    <ClInclude Include="AodsActiveModule.h">
      <Filter>app</Filter>
    </ClInclude>
    <ClInclude Include="InstallDef.h">
      <Filter>app</Filter>
    </ClInclude>
    <ClInclude Include="..\util\AoCfgModule.h">
      <Filter>util</Filter>
    </ClInclude>
    <ClInclude Include="..\util\AoChannel.h">
      <Filter>util</Filter>
    </ClInclude>
    <ClInclude Include="..\util\AoCommuProtocol.h">
      <Filter>util</Filter>
    </ClInclude>
    <ClInclude Include="..\util\AoDef.h">
      <Filter>util</Filter>
    </ClInclude>
    <ClInclude Include="..\util\AoEncrypt.h">
      <Filter>util</Filter>
    </ClInclude>
    <ClInclude Include="..\util\AoEvent.h">
      <Filter>util</Filter>
    </ClInclude>
    <ClInclude Include="..\util\AoFile.h">
      <Filter>util</Filter>
    </ClInclude>
    <ClInclude Include="..\util\AoFileControl.h">
      <Filter>util</Filter>
    </ClInclude>
    <ClInclude Include="..\util\AoFindFile.h">
      <Filter>util</Filter>
    </ClInclude>
    <ClInclude Include="..\util\AoHash.h">
      <Filter>util</Filter>
    </ClInclude>
    <ClInclude Include="..\util\AoHelper.h">
      <Filter>util</Filter>
    </ClInclude>
    <ClInclude Include="..\util\AoIoSelectGroup.h">
      <Filter>util</Filter>
    </ClInclude>
    <ClInclude Include="..\util\AoList.h">
      <Filter>util</Filter>
    </ClInclude>
    <ClInclude Include="..\util\AoLock.h">
      <Filter>util</Filter>
    </ClInclude>
    <ClInclude Include="..\util\AoLogModule.h">
      <Filter>util</Filter>
    </ClInclude>
    <ClInclude Include="..\util\AoMemCache.h">
      <Filter>util</Filter>
    </ClInclude>
    <ClInclude Include="..\util\AoMemoryMgr.h">
      <Filter>util</Filter>
    </ClInclude>
    <ClInclude Include="..\util\AoMemStream.h">
      <Filter>util</Filter>
    </ClInclude>
    <ClInclude Include="..\util\AoOs.h">
      <Filter>util</Filter>
    </ClInclude>
    <ClInclude Include="..\util\AoService.h">
      <Filter>util</Filter>
    </ClInclude>
    <ClInclude Include="..\util\AoSock.h">
      <Filter>util</Filter>
    </ClInclude>
    <ClInclude Include="..\util\AoSockChannel.h">
      <Filter>util</Filter>
    </ClInclude>
    <ClInclude Include="..\util\AoSockTcp.h">
      <Filter>util</Filter>
    </ClInclude>
    <ClInclude Include="..\util\AoSockTcpChannel.h">
      <Filter>util</Filter>
    </ClInclude>
    <ClInclude Include="..\util\AoStream.h">
      <Filter>util</Filter>
    </ClInclude>
    <ClInclude Include="..\util\AoTcpServer.h">
      <Filter>util</Filter>
    </ClInclude>
    <ClInclude Include="..\util\AoThread.h">
      <Filter>util</Filter>
    </ClInclude>
    <ClInclude Include="..\util\AoTime.h">
      <Filter>util</Filter>
    </ClInclude>
    <ClInclude Include="..\util\CJson.h">
      <Filter>util</Filter>
    </ClInclude>
    <ClInclude Include="..\util\CommuModule.h">
      <Filter>util</Filter>
    </ClInclude>
    <ClInclude Include="..\util\DBACommuProtocol.h">
      <Filter>util</Filter>
    </ClInclude>
    <ClInclude Include="..\util\Module.h">
      <Filter>util</Filter>
    </ClInclude>
    <ClInclude Include="..\util\ModuleData.h">
      <Filter>util</Filter>
    </ClInclude>
    <ClInclude Include="..\util\ModuleDispatcher.h">
      <Filter>util</Filter>
    </ClInclude>
    <ClInclude Include="..\util\MsgTarget.h">
      <Filter>util</Filter>
    </ClInclude>
  </ItemGroup>
</Project>